Microsoft Visual Studio Solution File, Format Version 12.00
# Visual Studio Version 17
VisualStudioVersion = 17.5.2.0
MinimumVisualStudioVersion = 10.0.40219.1
Project("{FAE04EC0-301F-11D3-BF4B-00C04F79EFBC}") = "DanfossHeating", "DanfossHeating\DanfossHeating.csproj", "{B4D73C92-861C-C71E-E25E-6A8FC5595BF7}"
EndProject
Project("{FAE04EC0-301F-11D3-BF4B-00C04F79EFBC}") = "DanfossHeatingTests", "DanfossHeatingTests\DanfossHeatingTests.csproj", "{A18241DD-C2DA-F45E-E956-18C06B3A38CB}"
EndProject
Global
	GlobalSection(SolutionConfigurationPlatforms) = preSolution
		Debug|Any CPU = Debug|Any CPU
		Release|Any CPU = Release|Any CPU
	EndGlobalSection
	GlobalSection(ProjectConfigurationPlatforms) = postSolution
		{B4D73C92-861C-C71E-E25E-6A8FC5595BF7}.Debug|Any CPU.ActiveCfg = Debug|Any CPU
		{B4D73C92-861C-C71E-E25E-6A8FC5595BF7}.Debug|Any CPU.Build.0 = Debug|Any CPU
		{B4D73C92-861C-C71E-E25E-6A8FC5595BF7}.Release|Any CPU.ActiveCfg = Release|Any CPU
		{B4D73C92-861C-C71E-E25E-6A8FC5595BF7}.Release|Any CPU.Build.0 = Release|Any CPU
		{A18241DD-C2DA-F45E-E956-18C06B3A38CB}.Debug|Any CPU.ActiveCfg = Debug|Any CPU
		{A18241DD-C2DA-F45E-E956-18C06B3A38CB}.Debug|Any CPU.Build.0 = Debug|Any CPU
		{A18241DD-C2DA-F45E-E956-18C06B3A38CB}.Release|Any CPU.ActiveCfg = Release|Any CPU
		{A18241DD-C2DA-F45E-E956-18C06B3A38CB}.Release|Any CPU.Build.0 = Release|Any CPU
	EndGlobalSection
	GlobalSection(SolutionProperties) = preSolution
		HideSolutionNode = FALSE
	EndGlobalSection
	GlobalSection(ExtensibilityGlobals) = postSolution
		SolutionGuid = {2F667AA7-494D-40FB-B915-F18883628DD7}
	EndGlobalSection
EndGlobal
